// !$*UTF8*$!
{
	archiveVersion = 1;
	classes = {
	};
	objectVersion = 50;
	objects = {

/* Begin PBXBuildFile section */
		1259A444238DB62A001CD989 /* CloudKit.framework in Frameworks */ = {isa = PBXBuildFile; fileRef = 1259A443238DB62A001CD989 /* CloudKit.framework */; };
		1259A446238EF031001CD989 /* Tema.swift in Sources */ = {isa = PBXBuildFile; fileRef = 1259A445238EF031001CD989 /* Tema.swift */; };
		127A0D382399802A0012CAE2 /* click.mp3 in Resources */ = {isa = PBXBuildFile; fileRef = 127A0D372399802A0012CAE2 /* click.mp3 */; };
		12CB370423996D8C00FD4A92 /* Acusado-Culpado-_menos-épico_.mp3 in Resources */ = {isa = PBXBuildFile; fileRef = 12CB36FE23996D8C00FD4A92 /* Acusado-Culpado-_menos-épico_.mp3 */; };
		12CB370523996D8C00FD4A92 /* Início-do-Tempo-_mais-curto_.mp3 in Resources */ = {isa = PBXBuildFile; fileRef = 12CB36FF23996D8C00FD4A92 /* Início-do-Tempo-_mais-curto_.mp3 */; };
		12CB370623996D8C00FD4A92 /* Large-steel-door-closing.mp3 in Resources */ = {isa = PBXBuildFile; fileRef = 12CB370023996D8C00FD4A92 /* Large-steel-door-closing.mp3 */; };
		12CB370723996D8C00FD4A92 /* Acusado-Inocente-_Dramático_.mp3 in Resources */ = {isa = PBXBuildFile; fileRef = 12CB370123996D8C00FD4A92 /* Acusado-Inocente-_Dramático_.mp3 */; };
		12CB370823996D8C00FD4A92 /* Contagem-Regressiva-2.mp3 in Resources */ = {isa = PBXBuildFile; fileRef = 12CB370223996D8C00FD4A92 /* Contagem-Regressiva-2.mp3 */; };
		12CB370923996D8C00FD4A92 /* Clique-do-Botão-_mais-curto_.mp3 in Resources */ = {isa = PBXBuildFile; fileRef = 12CB370323996D8C00FD4A92 /* Clique-do-Botão-_mais-curto_.mp3 */; };
		12CB370E23996DF900FD4A92 /* AudioLibrary.swift in Sources */ = {isa = PBXBuildFile; fileRef = 12CB370A23996DF900FD4A92 /* AudioLibrary.swift */; };
		12CB370F23996DF900FD4A92 /* AudioManager.swift in Sources */ = {isa = PBXBuildFile; fileRef = 12CB370B23996DF900FD4A92 /* AudioManager.swift */; };
		12CB371023996DF900FD4A92 /* Song.swift in Sources */ = {isa = PBXBuildFile; fileRef = 12CB370C23996DF900FD4A92 /* Song.swift */; };
		12CB371123996DF900FD4A92 /* SoundEffects.swift in Sources */ = {isa = PBXBuildFile; fileRef = 12CB370D23996DF900FD4A92 /* SoundEffects.swift */; };
		12F31B4C2388611C00276E09 /* Game.swift in Sources */ = {isa = PBXBuildFile; fileRef = 12F31B4B2388611C00276E09 /* Game.swift */; };
		560C18FD238EF1BE00F44CD2 /* EditableButton.swift in Sources */ = {isa = PBXBuildFile; fileRef = 560C18FC238EF1BE00F44CD2 /* EditableButton.swift */; };
		561827192398721800F5F5A2 /* SettingsViewController.swift in Sources */ = {isa = PBXBuildFile; fileRef = 561827182398721800F5F5A2 /* SettingsViewController.swift */; };
		5618271B23987CF200F5F5A2 /* HowToPlayViewController.swift in Sources */ = {isa = PBXBuildFile; fileRef = 5618271A23987CF200F5F5A2 /* HowToPlayViewController.swift */; };
		561AC95E23959CED00D58C25 /* DesignableImageView.swift in Sources */ = {isa = PBXBuildFile; fileRef = 561AC95D23959CED00D58C25 /* DesignableImageView.swift */; };
		561AC9602395A24600D58C25 /* VotingCollectionViewCell.swift in Sources */ = {isa = PBXBuildFile; fileRef = 561AC95F2395A24600D58C25 /* VotingCollectionViewCell.swift */; };
		562400AF238B78080053DE6F /* DesignableView.swift in Sources */ = {isa = PBXBuildFile; fileRef = 562400AD238B78080053DE6F /* DesignableView.swift */; };
		562400B0238B78080053DE6F /* DesignableButton.swift in Sources */ = {isa = PBXBuildFile; fileRef = 562400AE238B78080053DE6F /* DesignableButton.swift */; };
		562400B2238B98CA0053DE6F /* AddPlayersViewController.swift in Sources */ = {isa = PBXBuildFile; fileRef = 562400B1238B98CA0053DE6F /* AddPlayersViewController.swift */; };
		562400B4238B98E00053DE6F /* StoryViewController.swift in Sources */ = {isa = PBXBuildFile; fileRef = 562400B3238B98E00053DE6F /* StoryViewController.swift */; };
		562400B6238B98FE0053DE6F /* PlayerFunctionsViewController.swift in Sources */ = {isa = PBXBuildFile; fileRef = 562400B5238B98FE0053DE6F /* PlayerFunctionsViewController.swift */; };
		562400B8238B99140053DE6F /* StoryTimerViewController.swift in Sources */ = {isa = PBXBuildFile; fileRef = 562400B7238B99140053DE6F /* StoryTimerViewController.swift */; };
		562400BA238B99360053DE6F /* DiscussionTimerViewController.swift in Sources */ = {isa = PBXBuildFile; fileRef = 562400B9238B99360053DE6F /* DiscussionTimerViewController.swift */; };
		562400BC238B995A0053DE6F /* VotingScreenViewController.swift in Sources */ = {isa = PBXBuildFile; fileRef = 562400BB238B995A0053DE6F /* VotingScreenViewController.swift */; };
		562400BE238B99760053DE6F /* ResultsViewController.swift in Sources */ = {isa = PBXBuildFile; fileRef = 562400BD238B99760053DE6F /* ResultsViewController.swift */; };
		562400C1238C53B20053DE6F /* JogadoresTableViewCell.swift in Sources */ = {isa = PBXBuildFile; fileRef = 562400C0238C53B20053DE6F /* JogadoresTableViewCell.swift */; };
		562400C3238C56100053DE6F /* AddPlayerTableViewCell.swift in Sources */ = {isa = PBXBuildFile; fileRef = 562400C2238C56100053DE6F /* AddPlayerTableViewCell.swift */; };
		562400C5238D9DBB0053DE6F /* NewPlayerViewController.swift in Sources */ = {isa = PBXBuildFile; fileRef = 562400C4238D9DBA0053DE6F /* NewPlayerViewController.swift */; };
		563EF33F2387069900684647 /* AppDelegate.swift in Sources */ = {isa = PBXBuildFile; fileRef = 563EF33E2387069900684647 /* AppDelegate.swift */; };
		563EF3412387069900684647 /* SceneDelegate.swift in Sources */ = {isa = PBXBuildFile; fileRef = 563EF3402387069900684647 /* SceneDelegate.swift */; };
		563EF3432387069900684647 /* ViewController.swift in Sources */ = {isa = PBXBuildFile; fileRef = 563EF3422387069900684647 /* ViewController.swift */; };
		563EF3462387069900684647 /* Main.storyboard in Resources */ = {isa = PBXBuildFile; fileRef = 563EF3442387069900684647 /* Main.storyboard */; };
		563EF3482387069A00684647 /* Assets.xcassets in Resources */ = {isa = PBXBuildFile; fileRef = 563EF3472387069A00684647 /* Assets.xcassets */; };
		563EF34B2387069A00684647 /* LaunchScreen.storyboard in Resources */ = {isa = PBXBuildFile; fileRef = 563EF3492387069A00684647 /* LaunchScreen.storyboard */; };
		5640BC22238EFFD100C75855 /* RobotoCondensed-Bold.ttf in Resources */ = {isa = PBXBuildFile; fileRef = 5640BC1D238EFFA700C75855 /* RobotoCondensed-Bold.ttf */; };
		5640BC23238EFFD100C75855 /* RobotoCondensed-BoldItalic.ttf in Resources */ = {isa = PBXBuildFile; fileRef = 5640BC1A238EFFA700C75855 /* RobotoCondensed-BoldItalic.ttf */; };
		5640BC24238EFFD100C75855 /* RobotoCondensed-Italic.ttf in Resources */ = {isa = PBXBuildFile; fileRef = 5640BC1B238EFFA700C75855 /* RobotoCondensed-Italic.ttf */; };
		5640BC25238EFFD100C75855 /* RobotoCondensed-Light.ttf in Resources */ = {isa = PBXBuildFile; fileRef = 5640BC1F238EFFA700C75855 /* RobotoCondensed-Light.ttf */; };
		5640BC26238EFFD100C75855 /* RobotoCondensed-LightItalic.ttf in Resources */ = {isa = PBXBuildFile; fileRef = 5640BC1E238EFFA700C75855 /* RobotoCondensed-LightItalic.ttf */; };
		5640BC27238EFFD100C75855 /* RobotoCondensed-Regular.ttf in Resources */ = {isa = PBXBuildFile; fileRef = 5640BC1C238EFFA700C75855 /* RobotoCondensed-Regular.ttf */; };
		56BD1DF52391637A007DE382 /* PrepareViewController.swift in Sources */ = {isa = PBXBuildFile; fileRef = 56BD1DF42391637A007DE382 /* PrepareViewController.swift */; };
		56BD1DF723916F2D007DE382 /* MODALViewController.swift in Sources */ = {isa = PBXBuildFile; fileRef = 56BD1DF623916F2D007DE382 /* MODALViewController.swift */; };
		56C36F66238EDFE40090E1F0 /* DetailTableViewCell.swift in Sources */ = {isa = PBXBuildFile; fileRef = 56C36F65238EDFE40090E1F0 /* DetailTableViewCell.swift */; };
		56E95F4C23902C5500EE4C45 /* EditableViewFile.swift in Sources */ = {isa = PBXBuildFile; fileRef = 56E95F4B23902C5500EE4C45 /* EditableViewFile.swift */; };
		56E95F4E2390331B00EE4C45 /* PapeisViewController.swift in Sources */ = {isa = PBXBuildFile; fileRef = 56E95F4D2390331B00EE4C45 /* PapeisViewController.swift */; };
		56EC810C23871F2B007DCFF2 /* Model.swift in Sources */ = {isa = PBXBuildFile; fileRef = 56EC810B23871F2B007DCFF2 /* Model.swift */; };
		56EC810E23871F7C007DCFF2 /* Plosat.swift in Sources */ = {isa = PBXBuildFile; fileRef = 56EC810D23871F7C007DCFF2 /* Plosat.swift */; };
		56F631D723885093008B7A25 /* Player.swift in Sources */ = {isa = PBXBuildFile; fileRef = 56F631D623885093008B7A25 /* Player.swift */; };
/* End PBXBuildFile section */

/* Begin PBXFileReference section */
		1259A441238DB604001CD989 /* PLOSAT.entitlements */ = {isa = PBXFileReference; lastKnownFileType = text.plist.entitlements; path = PLOSAT.entitlements; sourceTree = "<group>"; };
		1259A443238DB62A001CD989 /* CloudKit.framework */ = {isa = PBXFileReference; lastKnownFileType = wrapper.framework; name = CloudKit.framework; path = System/Library/Frameworks/CloudKit.framework; sourceTree = SDKROOT; };
		1259A445238EF031001CD989 /* Tema.swift */ = {isa = PBXFileReference; lastKnownFileType = sourcecode.swift; path = Tema.swift; sourceTree = "<group>"; };
		127A0D372399802A0012CAE2 /* click.mp3 */ = {isa = PBXFileReference; lastKnownFileType = audio.mp3; path = click.mp3; sourceTree = "<group>"; };
		12CB36FE23996D8C00FD4A92 /* Acusado-Culpado-_menos-épico_.mp3 */ = {isa = PBXFileReference; lastKnownFileType = audio.mp3; path = "Acusado-Culpado-_menos-épico_.mp3"; sourceTree = "<group>"; };
		12CB36FF23996D8C00FD4A92 /* Início-do-Tempo-_mais-curto_.mp3 */ = {isa = PBXFileReference; lastKnownFileType = audio.mp3; path = "Início-do-Tempo-_mais-curto_.mp3"; sourceTree = "<group>"; };
		12CB370023996D8C00FD4A92 /* Large-steel-door-closing.mp3 */ = {isa = PBXFileReference; lastKnownFileType = audio.mp3; path = "Large-steel-door-closing.mp3"; sourceTree = "<group>"; };
		12CB370123996D8C00FD4A92 /* Acusado-Inocente-_Dramático_.mp3 */ = {isa = PBXFileReference; lastKnownFileType = audio.mp3; path = "Acusado-Inocente-_Dramático_.mp3"; sourceTree = "<group>"; };
		12CB370223996D8C00FD4A92 /* Contagem-Regressiva-2.mp3 */ = {isa = PBXFileReference; lastKnownFileType = audio.mp3; path = "Contagem-Regressiva-2.mp3"; sourceTree = "<group>"; };
		12CB370323996D8C00FD4A92 /* Clique-do-Botão-_mais-curto_.mp3 */ = {isa = PBXFileReference; lastKnownFileType = audio.mp3; path = "Clique-do-Botão-_mais-curto_.mp3"; sourceTree = "<group>"; };
		12CB370A23996DF900FD4A92 /* AudioLibrary.swift */ = {isa = PBXFileReference; fileEncoding = 4; lastKnownFileType = sourcecode.swift; name = AudioLibrary.swift; path = ../../../Documents/ADA/Plosat/AudioLibrary.swift; sourceTree = "<group>"; };
		12CB370B23996DF900FD4A92 /* AudioManager.swift */ = {isa = PBXFileReference; fileEncoding = 4; lastKnownFileType = sourcecode.swift; name = AudioManager.swift; path = ../../../Documents/ADA/Plosat/AudioManager.swift; sourceTree = "<group>"; };
		12CB370C23996DF900FD4A92 /* Song.swift */ = {isa = PBXFileReference; fileEncoding = 4; lastKnownFileType = sourcecode.swift; name = Song.swift; path = ../../../Documents/ADA/Plosat/Song.swift; sourceTree = "<group>"; };
		12CB370D23996DF900FD4A92 /* SoundEffects.swift */ = {isa = PBXFileReference; fileEncoding = 4; lastKnownFileType = sourcecode.swift; name = SoundEffects.swift; path = ../../../Documents/ADA/Plosat/SoundEffects.swift; sourceTree = "<group>"; };
		12F31B4B2388611C00276E09 /* Game.swift */ = {isa = PBXFileReference; lastKnownFileType = sourcecode.swift; path = Game.swift; sourceTree = "<group>"; };
		560C18FC238EF1BE00F44CD2 /* EditableButton.swift */ = {isa = PBXFileReference; lastKnownFileType = sourcecode.swift; path = EditableButton.swift; sourceTree = "<group>"; };
		561827182398721800F5F5A2 /* SettingsViewController.swift */ = {isa = PBXFileReference; lastKnownFileType = sourcecode.swift; path = SettingsViewController.swift; sourceTree = "<group>"; };
		5618271A23987CF200F5F5A2 /* HowToPlayViewController.swift */ = {isa = PBXFileReference; lastKnownFileType = sourcecode.swift; path = HowToPlayViewController.swift; sourceTree = "<group>"; };
		561AC95D23959CED00D58C25 /* DesignableImageView.swift */ = {isa = PBXFileReference; lastKnownFileType = sourcecode.swift; path = DesignableImageView.swift; sourceTree = "<group>"; };
		561AC95F2395A24600D58C25 /* VotingCollectionViewCell.swift */ = {isa = PBXFileReference; lastKnownFileType = sourcecode.swift; path = VotingCollectionViewCell.swift; sourceTree = "<group>"; };
		562400AD238B78080053DE6F /* DesignableView.swift */ = {isa = PBXFileReference; fileEncoding = 4; lastKnownFileType = sourcecode.swift; path = DesignableView.swift; sourceTree = "<group>"; };
		562400AE238B78080053DE6F /* DesignableButton.swift */ = {isa = PBXFileReference; fileEncoding = 4; lastKnownFileType = sourcecode.swift; path = DesignableButton.swift; sourceTree = "<group>"; };
		562400B1238B98CA0053DE6F /* AddPlayersViewController.swift */ = {isa = PBXFileReference; lastKnownFileType = sourcecode.swift; path = AddPlayersViewController.swift; sourceTree = "<group>"; };
		562400B3238B98E00053DE6F /* StoryViewController.swift */ = {isa = PBXFileReference; lastKnownFileType = sourcecode.swift; path = StoryViewController.swift; sourceTree = "<group>"; };
		562400B5238B98FE0053DE6F /* PlayerFunctionsViewController.swift */ = {isa = PBXFileReference; lastKnownFileType = sourcecode.swift; path = PlayerFunctionsViewController.swift; sourceTree = "<group>"; };
		562400B7238B99140053DE6F /* StoryTimerViewController.swift */ = {isa = PBXFileReference; lastKnownFileType = sourcecode.swift; path = StoryTimerViewController.swift; sourceTree = "<group>"; };
		562400B9238B99360053DE6F /* DiscussionTimerViewController.swift */ = {isa = PBXFileReference; lastKnownFileType = sourcecode.swift; path = DiscussionTimerViewController.swift; sourceTree = "<group>"; };
		562400BB238B995A0053DE6F /* VotingScreenViewController.swift */ = {isa = PBXFileReference; lastKnownFileType = sourcecode.swift; path = VotingScreenViewController.swift; sourceTree = "<group>"; };
		562400BD238B99760053DE6F /* ResultsViewController.swift */ = {isa = PBXFileReference; lastKnownFileType = sourcecode.swift; path = ResultsViewController.swift; sourceTree = "<group>"; };
		562400C0238C53B20053DE6F /* JogadoresTableViewCell.swift */ = {isa = PBXFileReference; lastKnownFileType = sourcecode.swift; path = JogadoresTableViewCell.swift; sourceTree = "<group>"; };
		562400C2238C56100053DE6F /* AddPlayerTableViewCell.swift */ = {isa = PBXFileReference; lastKnownFileType = sourcecode.swift; path = AddPlayerTableViewCell.swift; sourceTree = "<group>"; };
		562400C4238D9DBA0053DE6F /* NewPlayerViewController.swift */ = {isa = PBXFileReference; lastKnownFileType = sourcecode.swift; path = NewPlayerViewController.swift; sourceTree = "<group>"; };
		563EF33B2387069900684647 /* PLOSAT.app */ = {isa = PBXFileReference; explicitFileType = wrapper.application; includeInIndex = 0; path = PLOSAT.app; sourceTree = BUILT_PRODUCTS_DIR; };
		563EF33E2387069900684647 /* AppDelegate.swift */ = {isa = PBXFileReference; lastKnownFileType = sourcecode.swift; path = AppDelegate.swift; sourceTree = "<group>"; };
		563EF3402387069900684647 /* SceneDelegate.swift */ = {isa = PBXFileReference; lastKnownFileType = sourcecode.swift; path = SceneDelegate.swift; sourceTree = "<group>"; };
		563EF3422387069900684647 /* ViewController.swift */ = {isa = PBXFileReference; lastKnownFileType = sourcecode.swift; path = ViewController.swift; sourceTree = "<group>"; };
		563EF3452387069900684647 /* Base */ = {isa = PBXFileReference; lastKnownFileType = file.storyboard; name = Base; path = Base.lproj/Main.storyboard; sourceTree = "<group>"; };
		563EF3472387069A00684647 /* Assets.xcassets */ = {isa = PBXFileReference; lastKnownFileType = folder.assetcatalog; path = Assets.xcassets; sourceTree = "<group>"; };
		563EF34A2387069A00684647 /* Base */ = {isa = PBXFileReference; lastKnownFileType = file.storyboard; name = Base; path = Base.lproj/LaunchScreen.storyboard; sourceTree = "<group>"; };
		563EF34C2387069A00684647 /* Info.plist */ = {isa = PBXFileReference; lastKnownFileType = text.plist.xml; path = Info.plist; sourceTree = "<group>"; };
		5640BC1A238EFFA700C75855 /* RobotoCondensed-BoldItalic.ttf */ = {isa = PBXFileReference; lastKnownFileType = file; path = "RobotoCondensed-BoldItalic.ttf"; sourceTree = "<group>"; };
		5640BC1B238EFFA700C75855 /* RobotoCondensed-Italic.ttf */ = {isa = PBXFileReference; lastKnownFileType = file; path = "RobotoCondensed-Italic.ttf"; sourceTree = "<group>"; };
		5640BC1C238EFFA700C75855 /* RobotoCondensed-Regular.ttf */ = {isa = PBXFileReference; lastKnownFileType = file; path = "RobotoCondensed-Regular.ttf"; sourceTree = "<group>"; };
		5640BC1D238EFFA700C75855 /* RobotoCondensed-Bold.ttf */ = {isa = PBXFileReference; lastKnownFileType = file; path = "RobotoCondensed-Bold.ttf"; sourceTree = "<group>"; };
		5640BC1E238EFFA700C75855 /* RobotoCondensed-LightItalic.ttf */ = {isa = PBXFileReference; lastKnownFileType = file; path = "RobotoCondensed-LightItalic.ttf"; sourceTree = "<group>"; };
		5640BC1F238EFFA700C75855 /* RobotoCondensed-Light.ttf */ = {isa = PBXFileReference; lastKnownFileType = file; path = "RobotoCondensed-Light.ttf"; sourceTree = "<group>"; };
		56BD1DF42391637A007DE382 /* PrepareViewController.swift */ = {isa = PBXFileReference; lastKnownFileType = sourcecode.swift; path = PrepareViewController.swift; sourceTree = "<group>"; };
		56BD1DF623916F2D007DE382 /* MODALViewController.swift */ = {isa = PBXFileReference; lastKnownFileType = sourcecode.swift; path = MODALViewController.swift; sourceTree = "<group>"; };
		56C36F65238EDFE40090E1F0 /* DetailTableViewCell.swift */ = {isa = PBXFileReference; lastKnownFileType = sourcecode.swift; path = DetailTableViewCell.swift; sourceTree = "<group>"; };
		56E95F4B23902C5500EE4C45 /* EditableViewFile.swift */ = {isa = PBXFileReference; lastKnownFileType = sourcecode.swift; path = EditableViewFile.swift; sourceTree = "<group>"; };
		56E95F4D2390331B00EE4C45 /* PapeisViewController.swift */ = {isa = PBXFileReference; lastKnownFileType = sourcecode.swift; path = PapeisViewController.swift; sourceTree = "<group>"; };
		56EC810B23871F2B007DCFF2 /* Model.swift */ = {isa = PBXFileReference; lastKnownFileType = sourcecode.swift; path = Model.swift; sourceTree = "<group>"; };
		56EC810D23871F7C007DCFF2 /* Plosat.swift */ = {isa = PBXFileReference; lastKnownFileType = sourcecode.swift; path = Plosat.swift; sourceTree = "<group>"; };
		56F631D623885093008B7A25 /* Player.swift */ = {isa = PBXFileReference; lastKnownFileType = sourcecode.swift; path = Player.swift; sourceTree = "<group>"; };
/* End PBXFileReference section */

/* Begin PBXFrameworksBuildPhase section */
		563EF3382387069900684647 /* Frameworks */ = {
			isa = PBXFrameworksBuildPhase;
			buildActionMask = 2147483647;
			files = (
				1259A444238DB62A001CD989 /* CloudKit.framework in Frameworks */,
			);
			runOnlyForDeploymentPostprocessing = 0;
		};
/* End PBXFrameworksBuildPhase section */

/* Begin PBXGroup section */
		1259A442238DB62A001CD989 /* Frameworks */ = {
			isa = PBXGroup;
			children = (
				1259A443238DB62A001CD989 /* CloudKit.framework */,
			);
			name = Frameworks;
			sourceTree = "<group>";
		};
		12CB36FD23996D8100FD4A92 /* Sounds */ = {
			isa = PBXGroup;
			children = (
				12CB36FE23996D8C00FD4A92 /* Acusado-Culpado-_menos-épico_.mp3 */,
				12CB370123996D8C00FD4A92 /* Acusado-Inocente-_Dramático_.mp3 */,
				127A0D372399802A0012CAE2 /* click.mp3 */,
				12CB370323996D8C00FD4A92 /* Clique-do-Botão-_mais-curto_.mp3 */,
				12CB370223996D8C00FD4A92 /* Contagem-Regressiva-2.mp3 */,
				12CB36FF23996D8C00FD4A92 /* Início-do-Tempo-_mais-curto_.mp3 */,
				12CB370023996D8C00FD4A92 /* Large-steel-door-closing.mp3 */,
			);
			path = Sounds;
			sourceTree = "<group>";
		};
		562400AC238B77930053DE6F /* Extensions */ = {
			isa = PBXGroup;
			children = (
				562400AE238B78080053DE6F /* DesignableButton.swift */,
				562400AD238B78080053DE6F /* DesignableView.swift */,
				56E95F4B23902C5500EE4C45 /* EditableViewFile.swift */,
				560C18FC238EF1BE00F44CD2 /* EditableButton.swift */,
				561AC95D23959CED00D58C25 /* DesignableImageView.swift */,
			);
			path = Extensions;
			sourceTree = "<group>";
		};
		562400BF238C53970053DE6F /* Cells */ = {
			isa = PBXGroup;
			children = (
				562400C0238C53B20053DE6F /* JogadoresTableViewCell.swift */,
				562400C2238C56100053DE6F /* AddPlayerTableViewCell.swift */,
				561AC95F2395A24600D58C25 /* VotingCollectionViewCell.swift */,
				56C36F65238EDFE40090E1F0 /* DetailTableViewCell.swift */,
			);
			path = Cells;
			sourceTree = "<group>";
		};
		563EF3322387069900684647 = {
			isa = PBXGroup;
			children = (
				563EF33D2387069900684647 /* PLOSAT */,
				563EF33C2387069900684647 /* Products */,
				1259A442238DB62A001CD989 /* Frameworks */,
			);
			sourceTree = "<group>";
		};
		563EF33C2387069900684647 /* Products */ = {
			isa = PBXGroup;
			children = (
				563EF33B2387069900684647 /* PLOSAT.app */,
			);
			name = Products;
			sourceTree = "<group>";
		};
		563EF33D2387069900684647 /* PLOSAT */ = {
			isa = PBXGroup;
			children = (
				1259A441238DB604001CD989 /* PLOSAT.entitlements */,
				563EF33E2387069900684647 /* AppDelegate.swift */,
				562400AC238B77930053DE6F /* Extensions */,
				563EF35223871DD700684647 /* Model */,
				563EF35323871DDE00684647 /* View */,
				563EF35423871DE900684647 /* Controller */,
				563EF3472387069A00684647 /* Assets.xcassets */,
				12CB36FD23996D8100FD4A92 /* Sounds */,
				5640BC21238EFFBA00C75855 /* Fonts */,
				563EF34C2387069A00684647 /* Info.plist */,
			);
			path = PLOSAT;
			sourceTree = "<group>";
		};
		563EF35223871DD700684647 /* Model */ = {
			isa = PBXGroup;
			children = (
				12CB370A23996DF900FD4A92 /* AudioLibrary.swift */,
				12CB370B23996DF900FD4A92 /* AudioManager.swift */,
				12CB370C23996DF900FD4A92 /* Song.swift */,
				12CB370D23996DF900FD4A92 /* SoundEffects.swift */,
				56EC810B23871F2B007DCFF2 /* Model.swift */,
				56F631D623885093008B7A25 /* Player.swift */,
				56EC810D23871F7C007DCFF2 /* Plosat.swift */,
				12F31B4B2388611C00276E09 /* Game.swift */,
				1259A445238EF031001CD989 /* Tema.swift */,
			);
			path = Model;
			sourceTree = "<group>";
		};
		563EF35323871DDE00684647 /* View */ = {
			isa = PBXGroup;
			children = (
				563EF3442387069900684647 /* Main.storyboard */,
				563EF3492387069A00684647 /* LaunchScreen.storyboard */,
			);
			path = View;
			sourceTree = "<group>";
		};
		563EF35423871DE900684647 /* Controller */ = {
			isa = PBXGroup;
			children = (
				562400BB238B995A0053DE6F /* VotingScreenViewController.swift */,
				562400B5238B98FE0053DE6F /* PlayerFunctionsViewController.swift */,
				563EF3402387069900684647 /* SceneDelegate.swift */,
				563EF3422387069900684647 /* ViewController.swift */,
				562400B1238B98CA0053DE6F /* AddPlayersViewController.swift */,
				562400B3238B98E00053DE6F /* StoryViewController.swift */,
				561827182398721800F5F5A2 /* SettingsViewController.swift */,
				562400B7238B99140053DE6F /* StoryTimerViewController.swift */,
				562400C4238D9DBA0053DE6F /* NewPlayerViewController.swift */,
				56BD1DF623916F2D007DE382 /* MODALViewController.swift */,
				5618271A23987CF200F5F5A2 /* HowToPlayViewController.swift */,
				562400B9238B99360053DE6F /* DiscussionTimerViewController.swift */,
				562400BD238B99760053DE6F /* ResultsViewController.swift */,
				56BD1DF42391637A007DE382 /* PrepareViewController.swift */,
				56E95F4D2390331B00EE4C45 /* PapeisViewController.swift */,
				562400BF238C53970053DE6F /* Cells */,
			);
			path = Controller;
			sourceTree = "<group>";
		};
		5640BC21238EFFBA00C75855 /* Fonts */ = {
			isa = PBXGroup;
			children = (
				5640BC1D238EFFA700C75855 /* RobotoCondensed-Bold.ttf */,
				5640BC1A238EFFA700C75855 /* RobotoCondensed-BoldItalic.ttf */,
				5640BC1B238EFFA700C75855 /* RobotoCondensed-Italic.ttf */,
				5640BC1F238EFFA700C75855 /* RobotoCondensed-Light.ttf */,
				5640BC1E238EFFA700C75855 /* RobotoCondensed-LightItalic.ttf */,
				5640BC1C238EFFA700C75855 /* RobotoCondensed-Regular.ttf */,
			);
			path = Fonts;
			sourceTree = "<group>";
		};
/* End PBXGroup section */

/* Begin PBXNativeTarget section */
		563EF33A2387069900684647 /* PLOSAT */ = {
			isa = PBXNativeTarget;
			buildConfigurationList = 563EF34F2387069A00684647 /* Build configuration list for PBXNativeTarget "PLOSAT" */;
			buildPhases = (
				563EF3372387069900684647 /* Sources */,
				563EF3382387069900684647 /* Frameworks */,
				563EF3392387069900684647 /* Resources */,
			);
			buildRules = (
			);
			dependencies = (
			);
			name = PLOSAT;
			productName = PLOSAT;
			productReference = 563EF33B2387069900684647 /* PLOSAT.app */;
			productType = "com.apple.product-type.application";
		};
/* End PBXNativeTarget section */

/* Begin PBXProject section */
		563EF3332387069900684647 /* Project object */ = {
			isa = PBXProject;
			attributes = {
				LastSwiftUpdateCheck = 1110;
				LastUpgradeCheck = 1110;
				ORGANIZATIONNAME = OGrupoMaisBonitoDaCidade;
				TargetAttributes = {
					563EF33A2387069900684647 = {
						CreatedOnToolsVersion = 11.1;
					};
				};
			};
			buildConfigurationList = 563EF3362387069900684647 /* Build configuration list for PBXProject "PLOSAT" */;
			compatibilityVersion = "Xcode 9.3";
			developmentRegion = en;
			hasScannedForEncodings = 0;
			knownRegions = (
				en,
				Base,
			);
			mainGroup = 563EF3322387069900684647;
			productRefGroup = 563EF33C2387069900684647 /* Products */;
			projectDirPath = "";
			projectRoot = "";
			targets = (
				563EF33A2387069900684647 /* PLOSAT */,
			);
		};
/* End PBXProject section */

/* Begin PBXResourcesBuildPhase section */
		563EF3392387069900684647 /* Resources */ = {
			isa = PBXResourcesBuildPhase;
			buildActionMask = 2147483647;
			files = (
				5640BC22238EFFD100C75855 /* RobotoCondensed-Bold.ttf in Resources */,
				5640BC23238EFFD100C75855 /* RobotoCondensed-BoldItalic.ttf in Resources */,
				5640BC24238EFFD100C75855 /* RobotoCondensed-Italic.ttf in Resources */,
				12CB370523996D8C00FD4A92 /* Início-do-Tempo-_mais-curto_.mp3 in Resources */,
				12CB370823996D8C00FD4A92 /* Contagem-Regressiva-2.mp3 in Resources */,
				12CB370923996D8C00FD4A92 /* Clique-do-Botão-_mais-curto_.mp3 in Resources */,
				12CB370623996D8C00FD4A92 /* Large-steel-door-closing.mp3 in Resources */,
				5640BC25238EFFD100C75855 /* RobotoCondensed-Light.ttf in Resources */,
				5640BC26238EFFD100C75855 /* RobotoCondensed-LightItalic.ttf in Resources */,
				5640BC27238EFFD100C75855 /* RobotoCondensed-Regular.ttf in Resources */,
				563EF34B2387069A00684647 /* LaunchScreen.storyboard in Resources */,
				563EF3482387069A00684647 /* Assets.xcassets in Resources */,
				12CB370423996D8C00FD4A92 /* Acusado-Culpado-_menos-épico_.mp3 in Resources */,
				127A0D382399802A0012CAE2 /* click.mp3 in Resources */,
				12CB370723996D8C00FD4A92 /* Acusado-Inocente-_Dramático_.mp3 in Resources */,
				563EF3462387069900684647 /* Main.storyboard in Resources */,
			);
			runOnlyForDeploymentPostprocessing = 0;
		};
/* End PBXResourcesBuildPhase section */

/* Begin PBXSourcesBuildPhase section */
		563EF3372387069900684647 /* Sources */ = {
			isa = PBXSourcesBuildPhase;
			buildActionMask = 2147483647;
			files = (
				562400C5238D9DBB0053DE6F /* NewPlayerViewController.swift in Sources */,
				56E95F4C23902C5500EE4C45 /* EditableViewFile.swift in Sources */,
				562400AF238B78080053DE6F /* DesignableView.swift in Sources */,
				563EF3432387069900684647 /* ViewController.swift in Sources */,
				563EF33F2387069900684647 /* AppDelegate.swift in Sources */,
				1259A446238EF031001CD989 /* Tema.swift in Sources */,
				12F31B4C2388611C00276E09 /* Game.swift in Sources */,
				562400B8238B99140053DE6F /* StoryTimerViewController.swift in Sources */,
				563EF3412387069900684647 /* SceneDelegate.swift in Sources */,
				56EC810E23871F7C007DCFF2 /* Plosat.swift in Sources */,
				12CB370E23996DF900FD4A92 /* AudioLibrary.swift in Sources */,
				562400BE238B99760053DE6F /* ResultsViewController.swift in Sources */,
				56BD1DF52391637A007DE382 /* PrepareViewController.swift in Sources */,
				56F631D723885093008B7A25 /* Player.swift in Sources */,
				562400BC238B995A0053DE6F /* VotingScreenViewController.swift in Sources */,
				5618271B23987CF200F5F5A2 /* HowToPlayViewController.swift in Sources */,
				561AC95E23959CED00D58C25 /* DesignableImageView.swift in Sources */,
				562400C3238C56100053DE6F /* AddPlayerTableViewCell.swift in Sources */,
				56E95F4E2390331B00EE4C45 /* PapeisViewController.swift in Sources */,
				56EC810C23871F2B007DCFF2 /* Model.swift in Sources */,
				562400C1238C53B20053DE6F /* JogadoresTableViewCell.swift in Sources */,
				561AC9602395A24600D58C25 /* VotingCollectionViewCell.swift in Sources */,
				562400B4238B98E00053DE6F /* StoryViewController.swift in Sources */,
				562400B0238B78080053DE6F /* DesignableButton.swift in Sources */,
				562400B2238B98CA0053DE6F /* AddPlayersViewController.swift in Sources */,
				561827192398721800F5F5A2 /* SettingsViewController.swift in Sources */,
				12CB370F23996DF900FD4A92 /* AudioManager.swift in Sources */,
				12CB371023996DF900FD4A92 /* Song.swift in Sources */,
				560C18FD238EF1BE00F44CD2 /* EditableButton.swift in Sources */,
				562400BA238B99360053DE6F /* DiscussionTimerViewController.swift in Sources */,
				12CB371123996DF900FD4A92 /* SoundEffects.swift in Sources */,
				56C36F66238EDFE40090E1F0 /* DetailTableViewCell.swift in Sources */,
				56BD1DF723916F2D007DE382 /* MODALViewController.swift in Sources */,
				562400B6238B98FE0053DE6F /* PlayerFunctionsViewController.swift in Sources */,
			);
			runOnlyForDeploymentPostprocessing = 0;
		};
/* End PBXSourcesBuildPhase section */

/* Begin PBXVariantGroup section */
		563EF3442387069900684647 /* Main.storyboard */ = {
			isa = PBXVariantGroup;
			children = (
				563EF3452387069900684647 /* Base */,
			);
			name = Main.storyboard;
			sourceTree = "<group>";
		};
		563EF3492387069A00684647 /* LaunchScreen.storyboard */ = {
			isa = PBXVariantGroup;
			children = (
				563EF34A2387069A00684647 /* Base */,
			);
			name = LaunchScreen.storyboard;
			sourceTree = "<group>";
		};
/* End PBXVariantGroup section */

/* Begin XCBuildConfiguration section */
		563EF34D2387069A00684647 /* Debug */ = {
			isa = XCBuildConfiguration;
			buildSettings = {
				ALWAYS_SEARCH_USER_PATHS = NO;
				CLANG_ANALYZER_NONNULL = YES;
				CLANG_ANALYZER_NUMBER_OBJECT_CONVERSION = YES_AGGRESSIVE;
				CLANG_CXX_LANGUAGE_STANDARD = "gnu++14";
				CLANG_CXX_LIBRARY = "libc++";
				CLANG_ENABLE_MODULES = YES;
				CLANG_ENABLE_OBJC_ARC = YES;
				CLANG_ENABLE_OBJC_WEAK = YES;
				CLANG_WARN_BLOCK_CAPTURE_AUTORELEASING = YES;
				CLANG_WARN_BOOL_CONVERSION = YES;
				CLANG_WARN_COMMA = YES;
				CLANG_WARN_CONSTANT_CONVERSION = YES;
				CLANG_WARN_DEPRECATED_OBJC_IMPLEMENTATIONS = YES;
				CLANG_WARN_DIRECT_OBJC_ISA_USAGE = YES_ERROR;
				CLANG_WARN_DOCUMENTATION_COMMENTS = YES;
				CLANG_WARN_EMPTY_BODY = YES;
				CLANG_WARN_ENUM_CONVERSION = YES;
				CLANG_WARN_INFINITE_RECURSION = YES;
				CLANG_WARN_INT_CONVERSION = YES;
				CLANG_WARN_NON_LITERAL_NULL_CONVERSION = YES;
				CLANG_WARN_OBJC_IMPLICIT_RETAIN_SELF = YES;
				CLANG_WARN_OBJC_LITERAL_CONVERSION = YES;
				CLANG_WARN_OBJC_ROOT_CLASS = YES_ERROR;
				CLANG_WARN_RANGE_LOOP_ANALYSIS = YES;
				CLANG_WARN_STRICT_PROTOTYPES = YES;
				CLANG_WARN_SUSPICIOUS_MOVE = YES;
				CLANG_WARN_UNGUARDED_AVAILABILITY = YES_AGGRESSIVE;
				CLANG_WARN_UNREACHABLE_CODE = YES;
				CLANG_WARN__DUPLICATE_METHOD_MATCH = YES;
				COPY_PHASE_STRIP = NO;
				DEBUG_INFORMATION_FORMAT = dwarf;
				ENABLE_STRICT_OBJC_MSGSEND = YES;
				ENABLE_TESTABILITY = YES;
				GCC_C_LANGUAGE_STANDARD = gnu11;
				GCC_DYNAMIC_NO_PIC = NO;
				GCC_NO_COMMON_BLOCKS = YES;
				GCC_OPTIMIZATION_LEVEL = 0;
				GCC_PREPROCESSOR_DEFINITIONS = (
					"DEBUG=1",
					"$(inherited)",
				);
				GCC_WARN_64_TO_32_BIT_CONVERSION = YES;
				GCC_WARN_ABOUT_RETURN_TYPE = YES_ERROR;
				GCC_WARN_UNDECLARED_SELECTOR = YES;
				GCC_WARN_UNINITIALIZED_AUTOS = YES_AGGRESSIVE;
				GCC_WARN_UNUSED_FUNCTION = YES;
				GCC_WARN_UNUSED_VARIABLE = YES;
				IPHONEOS_DEPLOYMENT_TARGET = 13.1;
				MTL_ENABLE_DEBUG_INFO = INCLUDE_SOURCE;
				MTL_FAST_MATH = YES;
				ONLY_ACTIVE_ARCH = YES;
				SDKROOT = iphoneos;
				SWIFT_ACTIVE_COMPILATION_CONDITIONS = DEBUG;
				SWIFT_OPTIMIZATION_LEVEL = "-Onone";
			};
			name = Debug;
		};
		563EF34E2387069A00684647 /* Release */ = {
			isa = XCBuildConfiguration;
			buildSettings = {
				ALWAYS_SEARCH_USER_PATHS = NO;
				CLANG_ANALYZER_NONNULL = YES;
				CLANG_ANALYZER_NUMBER_OBJECT_CONVERSION = YES_AGGRESSIVE;
				CLANG_CXX_LANGUAGE_STANDARD = "gnu++14";
				CLANG_CXX_LIBRARY = "libc++";
				CLANG_ENABLE_MODULES = YES;
				CLANG_ENABLE_OBJC_ARC = YES;
				CLANG_ENABLE_OBJC_WEAK = YES;
				CLANG_WARN_BLOCK_CAPTURE_AUTORELEASING = YES;
				CLANG_WARN_BOOL_CONVERSION = YES;
				CLANG_WARN_COMMA = YES;
				CLANG_WARN_CONSTANT_CONVERSION = YES;
				CLANG_WARN_DEPRECATED_OBJC_IMPLEMENTATIONS = YES;
				CLANG_WARN_DIRECT_OBJC_ISA_USAGE = YES_ERROR;
				CLANG_WARN_DOCUMENTATION_COMMENTS = YES;
				CLANG_WARN_EMPTY_BODY = YES;
				CLANG_WARN_ENUM_CONVERSION = YES;
				CLANG_WARN_INFINITE_RECURSION = YES;
				CLANG_WARN_INT_CONVERSION = YES;
				CLANG_WARN_NON_LITERAL_NULL_CONVERSION = YES;
				CLANG_WARN_OBJC_IMPLICIT_RETAIN_SELF = YES;
				CLANG_WARN_OBJC_LITERAL_CONVERSION = YES;
				CLANG_WARN_OBJC_ROOT_CLASS = YES_ERROR;
				CLANG_WARN_RANGE_LOOP_ANALYSIS = YES;
				CLANG_WARN_STRICT_PROTOTYPES = YES;
				CLANG_WARN_SUSPICIOUS_MOVE = YES;
				CLANG_WARN_UNGUARDED_AVAILABILITY = YES_AGGRESSIVE;
				CLANG_WARN_UNREACHABLE_CODE = YES;
				CLANG_WARN__DUPLICATE_METHOD_MATCH = YES;
				COPY_PHASE_STRIP = NO;
				DEBUG_INFORMATION_FORMAT = "dwarf-with-dsym";
				ENABLE_NS_ASSERTIONS = NO;
				ENABLE_STRICT_OBJC_MSGSEND = YES;
				GCC_C_LANGUAGE_STANDARD = gnu11;
				GCC_NO_COMMON_BLOCKS = YES;
				GCC_WARN_64_TO_32_BIT_CONVERSION = YES;
				GCC_WARN_ABOUT_RETURN_TYPE = YES_ERROR;
				GCC_WARN_UNDECLARED_SELECTOR = YES;
				GCC_WARN_UNINITIALIZED_AUTOS = YES_AGGRESSIVE;
				GCC_WARN_UNUSED_FUNCTION = YES;
				GCC_WARN_UNUSED_VARIABLE = YES;
				IPHONEOS_DEPLOYMENT_TARGET = 13.1;
				MTL_ENABLE_DEBUG_INFO = NO;
				MTL_FAST_MATH = YES;
				SDKROOT = iphoneos;
				SWIFT_COMPILATION_MODE = wholemodule;
				SWIFT_OPTIMIZATION_LEVEL = "-O";
				VALIDATE_PRODUCT = YES;
			};
			name = Release;
		};
		563EF3502387069A00684647 /* Debug */ = {
			isa = XCBuildConfiguration;
			buildSettings = {
				ASSETCATALOG_COMPILER_APPICON_NAME = AppIcon;
				CODE_SIGN_ENTITLEMENTS = PLOSAT/PLOSAT.entitlements;
				CODE_SIGN_STYLE = Automatic;
				DEVELOPMENT_TEAM = 3ULBAUPW8A;
				INFOPLIST_FILE = PLOSAT/Info.plist;
				LD_RUNPATH_SEARCH_PATHS = (
					"$(inherited)",
					"@executable_path/Frameworks",
				);
				PRODUCT_BUNDLE_IDENTIFIER = com.grupomaisbonitadacidade.PLOSAT;
				PRODUCT_NAME = "$(TARGET_NAME)";
				SWIFT_VERSION = 5.0;
				TARGETED_DEVICE_FAMILY = 1;
			};
			name = Debug;
		};
		563EF3512387069A00684647 /* Release */ = {
			isa = XCBuildConfiguration;
			buildSettings = {
				ASSETCATALOG_COMPILER_APPICON_NAME = AppIcon;
				CODE_SIGN_ENTITLEMENTS = PLOSAT/PLOSAT.entitlements;
				CODE_SIGN_STYLE = Automatic;
				DEVELOPMENT_TEAM = 3ULBAUPW8A;
				INFOPLIST_FILE = PLOSAT/Info.plist;
				LD_RUNPATH_SEARCH_PATHS = (
					"$(inherited)",
					"@executable_path/Frameworks",
				);
				PRODUCT_BUNDLE_IDENTIFIER = com.grupomaisbonitadacidade.PLOSAT;
				PRODUCT_NAME = "$(TARGET_NAME)";
				SWIFT_VERSION = 5.0;
				TARGETED_DEVICE_FAMILY = 1;
			};
			name = Release;
		};
/* End XCBuildConfiguration section */

/* Begin XCConfigurationList section */
		563EF3362387069900684647 /* Build configuration list for PBXProject "PLOSAT" */ = {
			isa = XCConfigurationList;
			buildConfigurations = (
				563EF34D2387069A00684647 /* Debug */,
				563EF34E2387069A00684647 /* Release */,
			);
			defaultConfigurationIsVisible = 0;
			defaultConfigurationName = Release;
		};
		563EF34F2387069A00684647 /* Build configuration list for PBXNativeTarget "PLOSAT" */ = {
			isa = XCConfigurationList;
			buildConfigurations = (
				563EF3502387069A00684647 /* Debug */,
				563EF3512387069A00684647 /* Release */,
			);
			defaultConfigurationIsVisible = 0;
			defaultConfigurationName = Release;
		};
/* End XCConfigurationList section */
	};
	rootObject = 563EF3332387069900684647 /* Project object */;
}
